// !$*UTF8*$!
{
	archiveVersion = 1;
	classes = {
	};
	objectVersion = 55;
	objects = {

/* Begin PBXBuildFile section */
		843AB02628AFF06600BD7668 /* AppDelegate.swift in Sources */ = {isa = PBXBuildFile; fileRef = 843AB02528AFF06600BD7668 /* AppDelegate.swift */; };
		843AB02828AFF06600BD7668 /* SceneDelegate.swift in Sources */ = {isa = PBXBuildFile; fileRef = 843AB02728AFF06600BD7668 /* SceneDelegate.swift */; };
		843AB02A28AFF06600BD7668 /* ViewController.swift in Sources */ = {isa = PBXBuildFile; fileRef = 843AB02928AFF06600BD7668 /* ViewController.swift */; };
		843AB03028AFF06600BD7668 /* AlamofireCurrency.xcdatamodeld in Sources */ = {isa = PBXBuildFile; fileRef = 843AB02E28AFF06600BD7668 /* AlamofireCurrency.xcdatamodeld */; };
		843AB03228AFF06800BD7668 /* Assets.xcassets in Resources */ = {isa = PBXBuildFile; fileRef = 843AB03128AFF06800BD7668 /* Assets.xcassets */; };
		843AB03528AFF06800BD7668 /* LaunchScreen.storyboard in Resources */ = {isa = PBXBuildFile; fileRef = 843AB03328AFF06800BD7668 /* LaunchScreen.storyboard */; };
		843AB03E28AFF08100BD7668 /* Alamofire in Frameworks */ = {isa = PBXBuildFile; productRef = 843AB03D28AFF08100BD7668 /* Alamofire */; };
		843ED0E228B14F1800F09BED /* Networking.swift in Sources */ = {isa = PBXBuildFile; fileRef = 843ED0E128B14F1800F09BED /* Networking.swift */; };
		843ED0E428B2599800F09BED /* Currencies.swift in Sources */ = {isa = PBXBuildFile; fileRef = 843ED0E328B2599800F09BED /* Currencies.swift */; };
		843ED0E728B3B65E00F09BED /* NewPairViewController.swift in Sources */ = {isa = PBXBuildFile; fileRef = 843ED0E628B3B65E00F09BED /* NewPairViewController.swift */; };
		847D7EEB28B51432008687DD /* Model.swift in Sources */ = {isa = PBXBuildFile; fileRef = 847D7EEA28B51432008687DD /* Model.swift */; };
		847D7EEE28B6DA72008687DD /* TableViewCell.swift in Sources */ = {isa = PBXBuildFile; fileRef = 847D7EEC28B6DA72008687DD /* TableViewCell.swift */; };
		847D7EEF28B6DA72008687DD /* TableViewCell.xib in Resources */ = {isa = PBXBuildFile; fileRef = 847D7EED28B6DA72008687DD /* TableViewCell.xib */; };
		847D7EF128BA25E6008687DD /* CurrenciesView.swift in Sources */ = {isa = PBXBuildFile; fileRef = 847D7EF028BA25E6008687DD /* CurrenciesView.swift */; };
/* End PBXBuildFile section */

/* Begin PBXFileReference section */
		843AB02228AFF06600BD7668 /* AlamofireCurrency.app */ = {isa = PBXFileReference; explicitFileType = wrapper.application; includeInIndex = 0; path = AlamofireCurrency.app; sourceTree = BUILT_PRODUCTS_DIR; };
		843AB02528AFF06600BD7668 /* AppDelegate.swift */ = {isa = PBXFileReference; lastKnownFileType = sourcecode.swift; path = AppDelegate.swift; sourceTree = "<group>"; };
		843AB02728AFF06600BD7668 /* SceneDelegate.swift */ = {isa = PBXFileReference; lastKnownFileType = sourcecode.swift; path = SceneDelegate.swift; sourceTree = "<group>"; };
		843AB02928AFF06600BD7668 /* ViewController.swift */ = {isa = PBXFileReference; lastKnownFileType = sourcecode.swift; path = ViewController.swift; sourceTree = "<group>"; };
		843AB02F28AFF06600BD7668 /* AlamofireCurrency.xcdatamodel */ = {isa = PBXFileReference; lastKnownFileType = wrapper.xcdatamodel; path = AlamofireCurrency.xcdatamodel; sourceTree = "<group>"; };
		843AB03128AFF06800BD7668 /* Assets.xcassets */ = {isa = PBXFileReference; lastKnownFileType = folder.assetcatalog; path = Assets.xcassets; sourceTree = "<group>"; };
		843AB03428AFF06800BD7668 /* Base */ = {isa = PBXFileReference; lastKnownFileType = file.storyboard; name = Base; path = Base.lproj/LaunchScreen.storyboard; sourceTree = "<group>"; };
		843AB03628AFF06800BD7668 /* Info.plist */ = {isa = PBXFileReference; lastKnownFileType = text.plist.xml; path = Info.plist; sourceTree = "<group>"; };
		843ED0E128B14F1800F09BED /* Networking.swift */ = {isa = PBXFileReference; lastKnownFileType = sourcecode.swift; path = Networking.swift; sourceTree = "<group>"; };
		843ED0E328B2599800F09BED /* Currencies.swift */ = {isa = PBXFileReference; lastKnownFileType = sourcecode.swift; path = Currencies.swift; sourceTree = "<group>"; };
		843ED0E628B3B65E00F09BED /* NewPairViewController.swift */ = {isa = PBXFileReference; lastKnownFileType = sourcecode.swift; path = NewPairViewController.swift; sourceTree = "<group>"; };
		847D7EEA28B51432008687DD /* Model.swift */ = {isa = PBXFileReference; lastKnownFileType = sourcecode.swift; path = Model.swift; sourceTree = "<group>"; };
		847D7EEC28B6DA72008687DD /* TableViewCell.swift */ = {isa = PBXFileReference; lastKnownFileType = sourcecode.swift; path = TableViewCell.swift; sourceTree = "<group>"; };
		847D7EED28B6DA72008687DD /* TableViewCell.xib */ = {isa = PBXFileReference; lastKnownFileType = file.xib; path = TableViewCell.xib; sourceTree = "<group>"; };
		847D7EF028BA25E6008687DD /* CurrenciesView.swift */ = {isa = PBXFileReference; lastKnownFileType = sourcecode.swift; path = CurrenciesView.swift; sourceTree = "<group>"; };
/* End PBXFileReference section */

/* Begin PBXFrameworksBuildPhase section */
		843AB01F28AFF06600BD7668 /* Frameworks */ = {
			isa = PBXFrameworksBuildPhase;
			buildActionMask = 2147483647;
			files = (
				843AB03E28AFF08100BD7668 /* Alamofire in Frameworks */,
			);
			runOnlyForDeploymentPostprocessing = 0;
		};
/* End PBXFrameworksBuildPhase section */

/* Begin PBXGroup section */
		843AB01928AFF06600BD7668 = {
			isa = PBXGroup;
			children = (
				843AB02428AFF06600BD7668 /* AlamofireCurrency */,
				843AB02328AFF06600BD7668 /* Products */,
			);
			sourceTree = "<group>";
		};
		843AB02328AFF06600BD7668 /* Products */ = {
			isa = PBXGroup;
			children = (
				843AB02228AFF06600BD7668 /* AlamofireCurrency.app */,
			);
			name = Products;
			sourceTree = "<group>";
		};
		843AB02428AFF06600BD7668 /* AlamofireCurrency */ = {
			isa = PBXGroup;
			children = (
				8475E91728BE7F5000867C6E /* Delegates */,
				8475E91828BE7FAE00867C6E /* Models */,
				8475E91628BE7F3700867C6E /* VIewControllers */,
				847D7EEC28B6DA72008687DD /* TableViewCell.swift */,
				847D7EF028BA25E6008687DD /* CurrenciesView.swift */,
				847D7EED28B6DA72008687DD /* TableViewCell.xib */,
				843AB03128AFF06800BD7668 /* Assets.xcassets */,
				843AB03328AFF06800BD7668 /* LaunchScreen.storyboard */,
				843AB03628AFF06800BD7668 /* Info.plist */,
				843AB02E28AFF06600BD7668 /* AlamofireCurrency.xcdatamodeld */,
			);
			path = AlamofireCurrency;
			sourceTree = "<group>";
		};
		8475E91628BE7F3700867C6E /* VIewControllers */ = {
			isa = PBXGroup;
			children = (
				843AB02928AFF06600BD7668 /* ViewController.swift */,
				843ED0E628B3B65E00F09BED /* NewPairViewController.swift */,
			);
			path = VIewControllers;
			sourceTree = "<group>";
		};
		8475E91728BE7F5000867C6E /* Delegates */ = {
			isa = PBXGroup;
			children = (
				843AB02528AFF06600BD7668 /* AppDelegate.swift */,
				843AB02728AFF06600BD7668 /* SceneDelegate.swift */,
			);
			path = Delegates;
			sourceTree = "<group>";
		};
		8475E91828BE7FAE00867C6E /* Models */ = {
			isa = PBXGroup;
			children = (
				843ED0E128B14F1800F09BED /* Networking.swift */,
				847D7EEA28B51432008687DD /* Model.swift */,
				843ED0E328B2599800F09BED /* Currencies.swift */,
			);
			path = Models;
			sourceTree = "<group>";
		};
/* End PBXGroup section */

/* Begin PBXNativeTarget section */
		843AB02128AFF06600BD7668 /* AlamofireCurrency */ = {
			isa = PBXNativeTarget;
			buildConfigurationList = 843AB03928AFF06800BD7668 /* Build configuration list for PBXNativeTarget "AlamofireCurrency" */;
			buildPhases = (
				843AB01E28AFF06600BD7668 /* Sources */,
				843AB01F28AFF06600BD7668 /* Frameworks */,
				843AB02028AFF06600BD7668 /* Resources */,
			);
			buildRules = (
			);
			dependencies = (
			);
			name = AlamofireCurrency;
			packageProductDependencies = (
				843AB03D28AFF08100BD7668 /* Alamofire */,
			);
			productName = AlamofireCurrency;
			productReference = 843AB02228AFF06600BD7668 /* AlamofireCurrency.app */;
			productType = "com.apple.product-type.application";
		};
/* End PBXNativeTarget section */

/* Begin PBXProject section */
		843AB01A28AFF06600BD7668 /* Project object */ = {
			isa = PBXProject;
			attributes = {
				BuildIndependentTargetsInParallel = 1;
				LastSwiftUpdateCheck = 1340;
				LastUpgradeCheck = 1340;
				TargetAttributes = {
					843AB02128AFF06600BD7668 = {
						CreatedOnToolsVersion = 13.4.1;
					};
				};
			};
			buildConfigurationList = 843AB01D28AFF06600BD7668 /* Build configuration list for PBXProject "AlamofireCurrency" */;
			compatibilityVersion = "Xcode 13.0";
			developmentRegion = en;
			hasScannedForEncodings = 0;
			knownRegions = (
				en,
				Base,
			);
			mainGroup = 843AB01928AFF06600BD7668;
			packageReferences = (
				843AB03C28AFF08100BD7668 /* XCRemoteSwiftPackageReference "Alamofire" */,
			);
			productRefGroup = 843AB02328AFF06600BD7668 /* Products */;
			projectDirPath = "";
			projectRoot = "";
			targets = (
				843AB02128AFF06600BD7668 /* AlamofireCurrency */,
			);
		};
/* End PBXProject section */

/* Begin PBXResourcesBuildPhase section */
		843AB02028AFF06600BD7668 /* Resources */ = {
			isa = PBXResourcesBuildPhase;
			buildActionMask = 2147483647;
			files = (
				843AB03528AFF06800BD7668 /* LaunchScreen.storyboard in Resources */,
				847D7EEF28B6DA72008687DD /* TableViewCell.xib in Resources */,
				843AB03228AFF06800BD7668 /* Assets.xcassets in Resources */,
			);
			runOnlyForDeploymentPostprocessing = 0;
		};
/* End PBXResourcesBuildPhase section */

/* Begin PBXSourcesBuildPhase section */
		843AB01E28AFF06600BD7668 /* Sources */ = {
			isa = PBXSourcesBuildPhase;
			buildActionMask = 2147483647;
			files = (
				843ED0E428B2599800F09BED /* Currencies.swift in Sources */,
				843ED0E728B3B65E00F09BED /* NewPairViewController.swift in Sources */,
				843ED0E228B14F1800F09BED /* Networking.swift in Sources */,
				847D7EEE28B6DA72008687DD /* TableViewCell.swift in Sources */,
				843AB02A28AFF06600BD7668 /* ViewController.swift in Sources */,
				847D7EF128BA25E6008687DD /* CurrenciesView.swift in Sources */,
				843AB03028AFF06600BD7668 /* AlamofireCurrency.xcdatamodeld in Sources */,
				843AB02628AFF06600BD7668 /* AppDelegate.swift in Sources */,
				843AB02828AFF06600BD7668 /* SceneDelegate.swift in Sources */,
				847D7EEB28B51432008687DD /* Model.swift in Sources */,
			);
			runOnlyForDeploymentPostprocessing = 0;
		};
/* End PBXSourcesBuildPhase section */

/* Begin PBXVariantGroup section */
		843AB03328AFF06800BD7668 /* LaunchScreen.storyboard */ = {
			isa = PBXVariantGroup;
			children = (
				843AB03428AFF06800BD7668 /* Base */,
			);
			name = LaunchScreen.storyboard;
			sourceTree = "<group>";
		};
/* End PBXVariantGroup section */

/* Begin XCBuildConfiguration section */
		843AB03728AFF06800BD7668 /* Debug */ = {
			isa = XCBuildConfiguration;
			buildSettings = {
				ALWAYS_SEARCH_USER_PATHS = NO;
				CLANG_ANALYZER_NONNULL = YES;
				CLANG_ANALYZER_NUMBER_OBJECT_CONVERSION = YES_AGGRESSIVE;
				CLANG_CXX_LANGUAGE_STANDARD = "gnu++17";
				CLANG_ENABLE_MODULES = YES;
				CLANG_ENABLE_OBJC_ARC = YES;
				CLANG_ENABLE_OBJC_WEAK = YES;
				CLANG_WARN_BLOCK_CAPTURE_AUTORELEASING = YES;
				CLANG_WARN_BOOL_CONVERSION = YES;
				CLANG_WARN_COMMA = YES;
				CLANG_WARN_CONSTANT_CONVERSION = YES;
				CLANG_WARN_DEPRECATED_OBJC_IMPLEMENTATIONS = YES;
				CLANG_WARN_DIRECT_OBJC_ISA_USAGE = YES_ERROR;
				CLANG_WARN_DOCUMENTATION_COMMENTS = YES;
				CLANG_WARN_EMPTY_BODY = YES;
				CLANG_WARN_ENUM_CONVERSION = YES;
				CLANG_WARN_INFINITE_RECURSION = YES;
				CLANG_WARN_INT_CONVERSION = YES;
				CLANG_WARN_NON_LITERAL_NULL_CONVERSION = YES;
				CLANG_WARN_OBJC_IMPLICIT_RETAIN_SELF = YES;
				CLANG_WARN_OBJC_LITERAL_CONVERSION = YES;
				CLANG_WARN_OBJC_ROOT_CLASS = YES_ERROR;
				CLANG_WARN_QUOTED_INCLUDE_IN_FRAMEWORK_HEADER = YES;
				CLANG_WARN_RANGE_LOOP_ANALYSIS = YES;
				CLANG_WARN_STRICT_PROTOTYPES = YES;
				CLANG_WARN_SUSPICIOUS_MOVE = YES;
				CLANG_WARN_UNGUARDED_AVAILABILITY = YES_AGGRESSIVE;
				CLANG_WARN_UNREACHABLE_CODE = YES;
				CLANG_WARN__DUPLICATE_METHOD_MATCH = YES;
				COPY_PHASE_STRIP = NO;
				DEBUG_INFORMATION_FORMAT = dwarf;
				ENABLE_STRICT_OBJC_MSGSEND = YES;
				ENABLE_TESTABILITY = YES;
				GCC_C_LANGUAGE_STANDARD = gnu11;
				GCC_DYNAMIC_NO_PIC = NO;
				GCC_NO_COMMON_BLOCKS = YES;
				GCC_OPTIMIZATION_LEVEL = 0;
				GCC_PREPROCESSOR_DEFINITIONS = (
					"DEBUG=1",
					"$(inherited)",
				);
				GCC_WARN_64_TO_32_BIT_CONVERSION = YES;
				GCC_WARN_ABOUT_RETURN_TYPE = YES_ERROR;
				GCC_WARN_UNDECLARED_SELECTOR = YES;
				GCC_WARN_UNINITIALIZED_AUTOS = YES_AGGRESSIVE;
				GCC_WARN_UNUSED_FUNCTION = YES;
				GCC_WARN_UNUSED_VARIABLE = YES;
				IPHONEOS_DEPLOYMENT_TARGET = 15.5;
				MTL_ENABLE_DEBUG_INFO = INCLUDE_SOURCE;
				MTL_FAST_MATH = YES;
				ONLY_ACTIVE_ARCH = YES;
				SDKROOT = iphoneos;
				SWIFT_ACTIVE_COMPILATION_CONDITIONS = DEBUG;
				SWIFT_OPTIMIZATION_LEVEL = "-Onone";
			};
			name = Debug;
		};
		843AB03828AFF06800BD7668 /* Release */ = {
			isa = XCBuildConfiguration;
			buildSettings = {
				ALWAYS_SEARCH_USER_PATHS = NO;
				CLANG_ANALYZER_NONNULL = YES;
				CLANG_ANALYZER_NUMBER_OBJECT_CONVERSION = YES_AGGRESSIVE;
				CLANG_CXX_LANGUAGE_STANDARD = "gnu++17";
				CLANG_ENABLE_MODULES = YES;
				CLANG_ENABLE_OBJC_ARC = YES;
				CLANG_ENABLE_OBJC_WEAK = YES;
				CLANG_WARN_BLOCK_CAPTURE_AUTORELEASING = YES;
				CLANG_WARN_BOOL_CONVERSION = YES;
				CLANG_WARN_COMMA = YES;
				CLANG_WARN_CONSTANT_CONVERSION = YES;
				CLANG_WARN_DEPRECATED_OBJC_IMPLEMENTATIONS = YES;
				CLANG_WARN_DIRECT_OBJC_ISA_USAGE = YES_ERROR;
				CLANG_WARN_DOCUMENTATION_COMMENTS = YES;
				CLANG_WARN_EMPTY_BODY = YES;
				CLANG_WARN_ENUM_CONVERSION = YES;
				CLANG_WARN_INFINITE_RECURSION = YES;
				CLANG_WARN_INT_CONVERSION = YES;
				CLANG_WARN_NON_LITERAL_NULL_CONVERSION = YES;
				CLANG_WARN_OBJC_IMPLICIT_RETAIN_SELF = YES;
				CLANG_WARN_OBJC_LITERAL_CONVERSION = YES;
				CLANG_WARN_OBJC_ROOT_CLASS = YES_ERROR;
				CLANG_WARN_QUOTED_INCLUDE_IN_FRAMEWORK_HEADER = YES;
				CLANG_WARN_RANGE_LOOP_ANALYSIS = YES;
				CLANG_WARN_STRICT_PROTOTYPES = YES;
				CLANG_WARN_SUSPICIOUS_MOVE = YES;
				CLANG_WARN_UNGUARDED_AVAILABILITY = YES_AGGRESSIVE;
				CLANG_WARN_UNREACHABLE_CODE = YES;
				CLANG_WARN__DUPLICATE_METHOD_MATCH = YES;
				COPY_PHASE_STRIP = NO;
				DEBUG_INFORMATION_FORMAT = "dwarf-with-dsym";
				ENABLE_NS_ASSERTIONS = NO;
				ENABLE_STRICT_OBJC_MSGSEND = YES;
				GCC_C_LANGUAGE_STANDARD = gnu11;
				GCC_NO_COMMON_BLOCKS = YES;
				GCC_WARN_64_TO_32_BIT_CONVERSION = YES;
				GCC_WARN_ABOUT_RETURN_TYPE = YES_ERROR;
				GCC_WARN_UNDECLARED_SELECTOR = YES;
				GCC_WARN_UNINITIALIZED_AUTOS = YES_AGGRESSIVE;
				GCC_WARN_UNUSED_FUNCTION = YES;
				GCC_WARN_UNUSED_VARIABLE = YES;
				IPHONEOS_DEPLOYMENT_TARGET = 15.5;
				MTL_ENABLE_DEBUG_INFO = NO;
				MTL_FAST_MATH = YES;
				SDKROOT = iphoneos;
				SWIFT_COMPILATION_MODE = wholemodule;
				SWIFT_OPTIMIZATION_LEVEL = "-O";
				VALIDATE_PRODUCT = YES;
			};
			name = Release;
		};
		843AB03A28AFF06800BD7668 /* Debug */ = {
			isa = XCBuildConfiguration;
			buildSettings = {
				ASSETCATALOG_COMPILER_APPICON_NAME = AppIcon;
				ASSETCATALOG_COMPILER_GLOBAL_ACCENT_COLOR_NAME = AccentColor;
				CODE_SIGN_STYLE = Automatic;
				CURRENT_PROJECT_VERSION = 1;
				DEVELOPMENT_TEAM = 93729GQKFX;
				GENERATE_INFOPLIST_FILE = YES;
				INFOPLIST_FILE = AlamofireCurrency/Info.plist;
				INFOPLIST_KEY_UIApplicationSupportsIndirectInputEvents = YES;
				INFOPLIST_KEY_UILaunchStoryboardName = LaunchScreen;
				INFOPLIST_KEY_UISupportedInterfaceOrientations_iPad = "UIInterfaceOrientationPortrait UIInterfaceOrientationPortraitUpsideDown UIInterfaceOrientationLandscapeLeft UIInterfaceOrientationLandscapeRight";
				INFOPLIST_KEY_UISupportedInterfaceOrientations_iPhone = "UIInterfaceOrientationPortrait UIInterfaceOrientationLandscapeLeft UIInterfaceOrientationLandscapeRight";
				LD_RUNPATH_SEARCH_PATHS = (
					"$(inherited)",
					"@executable_path/Frameworks",
				);
				MARKETING_VERSION = 1.0;
				PRODUCT_BUNDLE_IDENTIFIER = rouk1eAlamofireProject.AlamofireCurrency;
				PRODUCT_NAME = "$(TARGET_NAME)";
				SWIFT_EMIT_LOC_STRINGS = YES;
				SWIFT_VERSION = 5.0;
				TARGETED_DEVICE_FAMILY = "1,2";
			};
			name = Debug;
		};
		843AB03B28AFF06800BD7668 /* Release */ = {
			isa = XCBuildConfiguration;
			buildSettings = {
				ASSETCATALOG_COMPILER_APPICON_NAME = AppIcon;
				ASSETCATALOG_COMPILER_GLOBAL_ACCENT_COLOR_NAME = AccentColor;
				CODE_SIGN_STYLE = Automatic;
				CURRENT_PROJECT_VERSION = 1;
				DEVELOPMENT_TEAM = 93729GQKFX;
				GENERATE_INFOPLIST_FILE = YES;
				INFOPLIST_FILE = AlamofireCurrency/Info.plist;
				INFOPLIST_KEY_UIApplicationSupportsIndirectInputEvents = YES;
				INFOPLIST_KEY_UILaunchStoryboardName = LaunchScreen;
				INFOPLIST_KEY_UISupportedInterfaceOrientations_iPad = "UIInterfaceOrientationPortrait UIInterfaceOrientationPortraitUpsideDown UIInterfaceOrientationLandscapeLeft UIInterfaceOrientationLandscapeRight";
				INFOPLIST_KEY_UISupportedInterfaceOrientations_iPhone = "UIInterfaceOrientationPortrait UIInterfaceOrientationLandscapeLeft UIInterfaceOrientationLandscapeRight";
				LD_RUNPATH_SEARCH_PATHS = (
					"$(inherited)",
					"@executable_path/Frameworks",
				);
				MARKETING_VERSION = 1.0;
				PRODUCT_BUNDLE_IDENTIFIER = rouk1eAlamofireProject.AlamofireCurrency;
				PRODUCT_NAME = "$(TARGET_NAME)";
				SWIFT_EMIT_LOC_STRINGS = YES;
				SWIFT_VERSION = 5.0;
				TARGETED_DEVICE_FAMILY = "1,2";
			};
			name = Release;
		};
/* End XCBuildConfiguration section */

/* Begin XCConfigurationList section */
		843AB01D28AFF06600BD7668 /* Build configuration list for PBXProject "AlamofireCurrency" */ = {
			isa = XCConfigurationList;
			buildConfigurations = (
				843AB03728AFF06800BD7668 /* Debug */,
				843AB03828AFF06800BD7668 /* Release */,
			);
			defaultConfigurationIsVisible = 0;
			defaultConfigurationName = Release;
		};
		843AB03928AFF06800BD7668 /* Build configuration list for PBXNativeTarget "AlamofireCurrency" */ = {
			isa = XCConfigurationList;
			buildConfigurations = (
				843AB03A28AFF06800BD7668 /* Debug */,
				843AB03B28AFF06800BD7668 /* Release */,
			);
			defaultConfigurationIsVisible = 0;
			defaultConfigurationName = Release;
		};
/* End XCConfigurationList section */

/* Begin XCRemoteSwiftPackageReference section */
		843AB03C28AFF08100BD7668 /* XCRemoteSwiftPackageReference "Alamofire" */ = {
			isa = XCRemoteSwiftPackageReference;
			repositoryURL = "https://github.com/Alamofire/Alamofire";
			requirement = {
				branch = master;
				kind = branch;
			};
		};
/* End XCRemoteSwiftPackageReference section */

/* Begin XCSwiftPackageProductDependency section */
		843AB03D28AFF08100BD7668 /* Alamofire */ = {
			isa = XCSwiftPackageProductDependency;
			package = 843AB03C28AFF08100BD7668 /* XCRemoteSwiftPackageReference "Alamofire" */;
			productName = Alamofire;
		};
/* End XCSwiftPackageProductDependency section */

/* Begin XCVersionGroup section */
		843AB02E28AFF06600BD7668 /* AlamofireCurrency.xcdatamodeld */ = {
			isa = XCVersionGroup;
			children = (
				843AB02F28AFF06600BD7668 /* AlamofireCurrency.xcdatamodel */,
			);
			currentVersion = 843AB02F28AFF06600BD7668 /* AlamofireCurrency.xcdatamodel */;
			path = AlamofireCurrency.xcdatamodeld;
			sourceTree = "<group>";
			versionGroupType = wrapper.xcdatamodel;
		};
/* End XCVersionGroup section */
	};
	rootObject = 843AB01A28AFF06600BD7668 /* Project object */;
}
